
Microsoft Visual Studio Solution File, Format Version 12.00
# Visual Studio Version 17
VisualStudioVersion = 17.3.32922.545
MinimumVisualStudioVersion = 10.0.40219.1
Project("{9A19103F-16F7-4668-BE54-9A1E7A4F7556}") = "RGCompanion", "RGCompanion.csproj", "{D10791C9-2226-4534-A987-D9B4D83E3452}"
EndProject
Global
	GlobalSection(SolutionConfigurationPlatforms) = preSolution
		Debug|Any CPU = Debug|Any CPU
		Release|Any CPU = Release|Any CPU
	EndGlobalSection
	GlobalSection(ProjectConfigurationPlatforms) = postSolution
		{D10791C9-2226-4534-A987-D9B4D83E3452}.Debug|Any CPU.ActiveCfg = Debug|Any CPU
		{D10791C9-2226-4534-A987-D9B4D83E3452}.Debug|Any CPU.Build.0 = Debug|Any CPU
		{D10791C9-2226-4534-A987-D9B4D83E3452}.Release|Any CPU.ActiveCfg = Release|Any CPU
		{D10791C9-2226-4534-A987-D9B4D83E3452}.Release|Any CPU.Build.0 = Release|Any CPU
	EndGlobalSection
	GlobalSection(SolutionProperties) = preSolution
		HideSolutionNode = FALSE
	EndGlobalSection
	GlobalSection(ExtensibilityGlobals) = postSolution
		SolutionGuid = {22BC0CF8-294F-4381-9535-A67913D818E7}
	EndGlobalSection
EndGlobal
